
Microsoft Visual Studio Solution File, Format Version 12.00
# Visual Studio Version 16
VisualStudioVersion = 16.0.30114.105
MinimumVisualStudioVersion = 10.0.40219.1
Project("{FAE04EC0-301F-11D3-BF4B-00C04F79EFBC}") = "ElevenNote.WebAPI", "ElevenNote.WebAPI\ElevenNote.WebAPI.csproj", "{4EF4023E-97DD-43EB-8664-B6D250FBEF64}"
EndProject
Project("{2150E333-8FDC-42A3-9474-1A3956D46DE8}") = "ElevenNote.WebAPI", "ElevenNote.WebAPI", "{A635E95F-3146-4674-BA84-CCCAF3A16B89}"
EndProject
Project("{FAE04EC0-301F-11D3-BF4B-00C04F79EFBC}") = "ElevenNote.Data", "ElevenNote.Data\ElevenNote.Data.csproj", "{04B18826-B23D-432A-9F5D-58FF9F864CC1}"
EndProject
Project("{FAE04EC0-301F-11D3-BF4B-00C04F79EFBC}") = "ElevenNote.Models", "ElevenNote.Models\ElevenNote.Models.csproj", "{EFE63364-F9FF-4854-A329-A531AB627148}"
EndProject
Project("{FAE04EC0-301F-11D3-BF4B-00C04F79EFBC}") = "ElevenNote.Services", "ElevenNote.Services\ElevenNote.Services.csproj", "{0D17E0E0-D3F5-4A2F-BD27-5B81033BE5CC}"
EndProject
Global
	GlobalSection(SolutionConfigurationPlatforms) = preSolution
		Debug|Any CPU = Debug|Any CPU
		Release|Any CPU = Release|Any CPU
	EndGlobalSection
	GlobalSection(SolutionProperties) = preSolution
		HideSolutionNode = FALSE
	EndGlobalSection
	GlobalSection(ProjectConfigurationPlatforms) = postSolution
		{4EF4023E-97DD-43EB-8664-B6D250FBEF64}.Debug|Any CPU.ActiveCfg = Debug|Any CPU
		{4EF4023E-97DD-43EB-8664-B6D250FBEF64}.Debug|Any CPU.Build.0 = Debug|Any CPU
		{4EF4023E-97DD-43EB-8664-B6D250FBEF64}.Release|Any CPU.ActiveCfg = Release|Any CPU
		{4EF4023E-97DD-43EB-8664-B6D250FBEF64}.Release|Any CPU.Build.0 = Release|Any CPU
		{04B18826-B23D-432A-9F5D-58FF9F864CC1}.Debug|Any CPU.ActiveCfg = Debug|Any CPU
		{04B18826-B23D-432A-9F5D-58FF9F864CC1}.Debug|Any CPU.Build.0 = Debug|Any CPU
		{04B18826-B23D-432A-9F5D-58FF9F864CC1}.Release|Any CPU.ActiveCfg = Release|Any CPU
		{04B18826-B23D-432A-9F5D-58FF9F864CC1}.Release|Any CPU.Build.0 = Release|Any CPU
		{EFE63364-F9FF-4854-A329-A531AB627148}.Debug|Any CPU.ActiveCfg = Debug|Any CPU
		{EFE63364-F9FF-4854-A329-A531AB627148}.Debug|Any CPU.Build.0 = Debug|Any CPU
		{EFE63364-F9FF-4854-A329-A531AB627148}.Release|Any CPU.ActiveCfg = Release|Any CPU
		{EFE63364-F9FF-4854-A329-A531AB627148}.Release|Any CPU.Build.0 = Release|Any CPU
		{0D17E0E0-D3F5-4A2F-BD27-5B81033BE5CC}.Debug|Any CPU.ActiveCfg = Debug|Any CPU
		{0D17E0E0-D3F5-4A2F-BD27-5B81033BE5CC}.Debug|Any CPU.Build.0 = Debug|Any CPU
		{0D17E0E0-D3F5-4A2F-BD27-5B81033BE5CC}.Release|Any CPU.ActiveCfg = Release|Any CPU
		{0D17E0E0-D3F5-4A2F-BD27-5B81033BE5CC}.Release|Any CPU.Build.0 = Release|Any CPU
	EndGlobalSection
	GlobalSection(NestedProjects) = preSolution
		{04B18826-B23D-432A-9F5D-58FF9F864CC1} = {A635E95F-3146-4674-BA84-CCCAF3A16B89}
		{EFE63364-F9FF-4854-A329-A531AB627148} = {A635E95F-3146-4674-BA84-CCCAF3A16B89}
		{0D17E0E0-D3F5-4A2F-BD27-5B81033BE5CC} = {A635E95F-3146-4674-BA84-CCCAF3A16B89}
	EndGlobalSection
EndGlobal
